
Microsoft Visual Studio Solution File, Format Version 12.00
# Visual Studio Version 17
VisualStudioVersion = 17.12.35209.166
MinimumVisualStudioVersion = 10.0.40219.1
Project("{FAE04EC0-301F-11D3-BF4B-00C04F79EFBC}") = "MicroService", "MicroService\MicroService.csproj", "{F7EE04B2-6927-470A-A329-5613213377BC}"
EndProject
Global
	GlobalSection(SolutionConfigurationPlatforms) = preSolution
		Debug|Any CPU = Debug|Any CPU
		Release|Any CPU = Release|Any CPU
	EndGlobalSection
	GlobalSection(ProjectConfigurationPlatforms) = postSolution
		{F7EE04B2-6927-470A-A329-5613213377BC}.Debug|Any CPU.ActiveCfg = Debug|Any CPU
		{F7EE04B2-6927-470A-A329-5613213377BC}.Debug|Any CPU.Build.0 = Debug|Any CPU
		{F7EE04B2-6927-470A-A329-5613213377BC}.Release|Any CPU.ActiveCfg = Release|Any CPU
		{F7EE04B2-6927-470A-A329-5613213377BC}.Release|Any CPU.Build.0 = Release|Any CPU
	EndGlobalSection
	GlobalSection(SolutionProperties) = preSolution
		HideSolutionNode = FALSE
	EndGlobalSection
	GlobalSection(ExtensibilityGlobals) = postSolution
		SolutionGuid = {D24AD514-147C-4C8F-98CA-BBB60CF1D505}
	EndGlobalSection
EndGlobal
